// !$*UTF8*$!
{
	archiveVersion = 1;
	classes = {
	};
	objectVersion = 46;
	objects = {

/* Begin PBXBuildFile section */
		CB7AEE2019BBDB2800482AFC /* Foundation.framework in Frameworks */ = {isa = PBXBuildFile; fileRef = CB7AEE1F19BBDB2800482AFC /* Foundation.framework */; };
		CB7AEE2219BBDB2800482AFC /* CoreGraphics.framework in Frameworks */ = {isa = PBXBuildFile; fileRef = CB7AEE2119BBDB2800482AFC /* CoreGraphics.framework */; };
		CB7AEE2419BBDB2800482AFC /* UIKit.framework in Frameworks */ = {isa = PBXBuildFile; fileRef = CB7AEE2319BBDB2800482AFC /* UIKit.framework */; };
		CB7AEE2A19BBDB2800482AFC /* InfoPlist.strings in Resources */ = {isa = PBXBuildFile; fileRef = CB7AEE2819BBDB2800482AFC /* InfoPlist.strings */; };
		CB7AEE2C19BBDB2800482AFC /* main.m in Sources */ = {isa = PBXBuildFile; fileRef = CB7AEE2B19BBDB2800482AFC /* main.m */; };
		CB7AEE3019BBDB2800482AFC /* AppDelegate.m in Sources */ = {isa = PBXBuildFile; fileRef = CB7AEE2F19BBDB2800482AFC /* AppDelegate.m */; };
		CB7AEE3219BBDB2800482AFC /* Images.xcassets in Resources */ = {isa = PBXBuildFile; fileRef = CB7AEE3119BBDB2800482AFC /* Images.xcassets */; };
		CB7AEE3919BBDB2800482AFC /* XCTest.framework in Frameworks */ = {isa = PBXBuildFile; fileRef = CB7AEE3819BBDB2800482AFC /* XCTest.framework */; };
		CB7AEE3A19BBDB2800482AFC /* Foundation.framework in Frameworks */ = {isa = PBXBuildFile; fileRef = CB7AEE1F19BBDB2800482AFC /* Foundation.framework */; };
		CB7AEE3B19BBDB2800482AFC /* UIKit.framework in Frameworks */ = {isa = PBXBuildFile; fileRef = CB7AEE2319BBDB2800482AFC /* UIKit.framework */; };
		CB7AEE4319BBDB2800482AFC /* InfoPlist.strings in Resources */ = {isa = PBXBuildFile; fileRef = CB7AEE4119BBDB2800482AFC /* InfoPlist.strings */; };
		CB7AEE4519BBDB2800482AFC /* gregoryTests.m in Sources */ = {isa = PBXBuildFile; fileRef = CB7AEE4419BBDB2800482AFC /* gregoryTests.m */; };
/* End PBXBuildFile section */

/* Begin PBXContainerItemProxy section */
		CB7AEE3C19BBDB2800482AFC /* PBXContainerItemProxy */ = {
			isa = PBXContainerItemProxy;
			containerPortal = CB7AEE1419BBDB2800482AFC /* Project object */;
			proxyType = 1;
			remoteGlobalIDString = CB7AEE1B19BBDB2800482AFC;
			remoteInfo = gregory;
		};
/* End PBXContainerItemProxy section */

/* Begin PBXFileReference section */
		CB7AEE1C19BBDB2800482AFC /* gregory.app */ = {isa = PBXFileReference; explicitFileType = wrapper.application; includeInIndex = 0; path = gregory.app; sourceTree = BUILT_PRODUCTS_DIR; };
		CB7AEE1F19BBDB2800482AFC /* Foundation.framework */ = {isa = PBXFileReference; lastKnownFileType = wrapper.framework; name = Foundation.framework; path = System/Library/Frameworks/Foundation.framework; sourceTree = SDKROOT; };
		CB7AEE2119BBDB2800482AFC /* CoreGraphics.framework */ = {isa = PBXFileReference; lastKnownFileType = wrapper.framework; name = CoreGraphics.framework; path = System/Library/Frameworks/CoreGraphics.framework; sourceTree = SDKROOT; };
		CB7AEE2319BBDB2800482AFC /* UIKit.framework */ = {isa = PBXFileReference; lastKnownFileType = wrapper.framework; name = UIKit.framework; path = System/Library/Frameworks/UIKit.framework; sourceTree = SDKROOT; };
		CB7AEE2719BBDB2800482AFC /* gregory-Info.plist */ = {isa = PBXFileReference; lastKnownFileType = text.plist.xml; path = "gregory-Info.plist"; sourceTree = "<group>"; };
		CB7AEE2919BBDB2800482AFC /* en */ = {isa = PBXFileReference; lastKnownFileType = text.plist.strings; name = en; path = en.lproj/InfoPlist.strings; sourceTree = "<group>"; };
		CB7AEE2B19BBDB2800482AFC /* main.m */ = {isa = PBXFileReference; lastKnownFileType = sourcecode.c.objc; path = main.m; sourceTree = "<group>"; };
		CB7AEE2D19BBDB2800482AFC /* gregory-Prefix.pch */ = {isa = PBXFileReference; lastKnownFileType = sourcecode.c.h; path = "gregory-Prefix.pch"; sourceTree = "<group>"; };
		CB7AEE2E19BBDB2800482AFC /* AppDelegate.h */ = {isa = PBXFileReference; lastKnownFileType = sourcecode.c.h; path = AppDelegate.h; sourceTree = "<group>"; };
		CB7AEE2F19BBDB2800482AFC /* AppDelegate.m */ = {isa = PBXFileReference; lastKnownFileType = sourcecode.c.objc; path = AppDelegate.m; sourceTree = "<group>"; };
		CB7AEE3119BBDB2800482AFC /* Images.xcassets */ = {isa = PBXFileReference; lastKnownFileType = folder.assetcatalog; path = Images.xcassets; sourceTree = "<group>"; };
		CB7AEE3719BBDB2800482AFC /* gregoryTests.xctest */ = {isa = PBXFileReference; explicitFileType = wrapper.cfbundle; includeInIndex = 0; path = gregoryTests.xctest; sourceTree = BUILT_PRODUCTS_DIR; };
		CB7AEE3819BBDB2800482AFC /* XCTest.framework */ = {isa = PBXFileReference; lastKnownFileType = wrapper.framework; name = XCTest.framework; path = Library/Frameworks/XCTest.framework; sourceTree = DEVELOPER_DIR; };
		CB7AEE4019BBDB2800482AFC /* gregoryTests-Info.plist */ = {isa = PBXFileReference; lastKnownFileType = text.plist.xml; path = "gregoryTests-Info.plist"; sourceTree = "<group>"; };
		CB7AEE4219BBDB2800482AFC /* en */ = {isa = PBXFileReference; lastKnownFileType = text.plist.strings; name = en; path = en.lproj/InfoPlist.strings; sourceTree = "<group>"; };
		CB7AEE4419BBDB2800482AFC /* gregoryTests.m */ = {isa = PBXFileReference; lastKnownFileType = sourcecode.c.objc; path = gregoryTests.m; sourceTree = "<group>"; };
/* End PBXFileReference section */

/* Begin PBXFrameworksBuildPhase section */
		CB7AEE1919BBDB2800482AFC /* Frameworks */ = {
			isa = PBXFrameworksBuildPhase;
			buildActionMask = 2147483647;
			files = (
				CB7AEE2219BBDB2800482AFC /* CoreGraphics.framework in Frameworks */,
				CB7AEE2419BBDB2800482AFC /* UIKit.framework in Frameworks */,
				CB7AEE2019BBDB2800482AFC /* Foundation.framework in Frameworks */,
			);
			runOnlyForDeploymentPostprocessing = 0;
		};
		CB7AEE3419BBDB2800482AFC /* Frameworks */ = {
			isa = PBXFrameworksBuildPhase;
			buildActionMask = 2147483647;
			files = (
				CB7AEE3919BBDB2800482AFC /* XCTest.framework in Frameworks */,
				CB7AEE3B19BBDB2800482AFC /* UIKit.framework in Frameworks */,
				CB7AEE3A19BBDB2800482AFC /* Foundation.framework in Frameworks */,
			);
			runOnlyForDeploymentPostprocessing = 0;
		};
/* End PBXFrameworksBuildPhase section */

/* Begin PBXGroup section */
		CB7AEE1319BBDB2800482AFC = {
			isa = PBXGroup;
			children = (
				CB7AEE2519BBDB2800482AFC /* gregory */,
				CB7AEE3E19BBDB2800482AFC /* gregoryTests */,
				CB7AEE1E19BBDB2800482AFC /* Frameworks */,
				CB7AEE1D19BBDB2800482AFC /* Products */,
			);
			sourceTree = "<group>";
		};
		CB7AEE1D19BBDB2800482AFC /* Products */ = {
			isa = PBXGroup;
			children = (
				CB7AEE1C19BBDB2800482AFC /* gregory.app */,
				CB7AEE3719BBDB2800482AFC /* gregoryTests.xctest */,
			);
			name = Products;
			sourceTree = "<group>";
		};
		CB7AEE1E19BBDB2800482AFC /* Frameworks */ = {
			isa = PBXGroup;
			children = (
				CB7AEE1F19BBDB2800482AFC /* Foundation.framework */,
				CB7AEE2119BBDB2800482AFC /* CoreGraphics.framework */,
				CB7AEE2319BBDB2800482AFC /* UIKit.framework */,
				CB7AEE3819BBDB2800482AFC /* XCTest.framework */,
			);
			name = Frameworks;
			sourceTree = "<group>";
		};
		CB7AEE2519BBDB2800482AFC /* gregory */ = {
			isa = PBXGroup;
			children = (
				CB7AEE2E19BBDB2800482AFC /* AppDelegate.h */,
				CB7AEE2F19BBDB2800482AFC /* AppDelegate.m */,
				CB7AEE3119BBDB2800482AFC /* Images.xcassets */,
				CB7AEE2619BBDB2800482AFC /* Supporting Files */,
			);
			path = gregory;
			sourceTree = "<group>";
		};
		CB7AEE2619BBDB2800482AFC /* Supporting Files */ = {
			isa = PBXGroup;
			children = (
				CB7AEE2719BBDB2800482AFC /* gregory-Info.plist */,
				CB7AEE2819BBDB2800482AFC /* InfoPlist.strings */,
				CB7AEE2B19BBDB2800482AFC /* main.m */,
				CB7AEE2D19BBDB2800482AFC /* gregory-Prefix.pch */,
			);
			name = "Supporting Files";
			sourceTree = "<group>";
		};
		CB7AEE3E19BBDB2800482AFC /* gregoryTests */ = {
			isa = PBXGroup;
			children = (
				CB7AEE4419BBDB2800482AFC /* gregoryTests.m */,
				CB7AEE3F19BBDB2800482AFC /* Supporting Files */,
			);
			path = gregoryTests;
			sourceTree = "<group>";
		};
		CB7AEE3F19BBDB2800482AFC /* Supporting Files */ = {
			isa = PBXGroup;
			children = (
				CB7AEE4019BBDB2800482AFC /* gregoryTests-Info.plist */,
				CB7AEE4119BBDB2800482AFC /* InfoPlist.strings */,
			);
			name = "Supporting Files";
			sourceTree = "<group>";
		};
/* End PBXGroup section */

/* Begin PBXNativeTarget section */
		CB7AEE1B19BBDB2800482AFC /* gregory */ = {
			isa = PBXNativeTarget;
			buildConfigurationList = CB7AEE4819BBDB2800482AFC /* Build configuration list for PBXNativeTarget "gregory" */;
			buildPhases = (
				CB7AEE1819BBDB2800482AFC /* Sources */,
				CB7AEE1919BBDB2800482AFC /* Frameworks */,
				CB7AEE1A19BBDB2800482AFC /* Resources */,
			);
			buildRules = (
			);
			dependencies = (
			);
			name = gregory;
			productName = gregory;
			productReference = CB7AEE1C19BBDB2800482AFC /* gregory.app */;
			productType = "com.apple.product-type.application";
		};
		CB7AEE3619BBDB2800482AFC /* gregoryTests */ = {
			isa = PBXNativeTarget;
			buildConfigurationList = CB7AEE4B19BBDB2800482AFC /* Build configuration list for PBXNativeTarget "gregoryTests" */;
			buildPhases = (
				CB7AEE3319BBDB2800482AFC /* Sources */,
				CB7AEE3419BBDB2800482AFC /* Frameworks */,
				CB7AEE3519BBDB2800482AFC /* Resources */,
			);
			buildRules = (
			);
			dependencies = (
				CB7AEE3D19BBDB2800482AFC /* PBXTargetDependency */,
			);
			name = gregoryTests;
			productName = gregoryTests;
			productReference = CB7AEE3719BBDB2800482AFC /* gregoryTests.xctest */;
			productType = "com.apple.product-type.bundle.unit-test";
		};
/* End PBXNativeTarget section */

/* Begin PBXProject section */
		CB7AEE1419BBDB2800482AFC /* Project object */ = {
			isa = PBXProject;
			attributes = {
				LastUpgradeCheck = 0510;
				ORGANIZATIONNAME = JDLab;
				TargetAttributes = {
					CB7AEE3619BBDB2800482AFC = {
						TestTargetID = CB7AEE1B19BBDB2800482AFC;
					};
				};
			};
			buildConfigurationList = CB7AEE1719BBDB2800482AFC /* Build configuration list for PBXProject "gregory" */;
			compatibilityVersion = "Xcode 3.2";
			developmentRegion = English;
			hasScannedForEncodings = 0;
			knownRegions = (
				en,
			);
			mainGroup = CB7AEE1319BBDB2800482AFC;
			productRefGroup = CB7AEE1D19BBDB2800482AFC /* Products */;
			projectDirPath = "";
			projectRoot = "";
			targets = (
				CB7AEE1B19BBDB2800482AFC /* gregory */,
				CB7AEE3619BBDB2800482AFC /* gregoryTests */,
			);
		};
/* End PBXProject section */

/* Begin PBXResourcesBuildPhase section */
		CB7AEE1A19BBDB2800482AFC /* Resources */ = {
			isa = PBXResourcesBuildPhase;
			buildActionMask = 2147483647;
			files = (
				CB7AEE2A19BBDB2800482AFC /* InfoPlist.strings in Resources */,
				CB7AEE3219BBDB2800482AFC /* Images.xcassets in Resources */,
			);
			runOnlyForDeploymentPostprocessing = 0;
		};
		CB7AEE3519BBDB2800482AFC /* Resources */ = {
			isa = PBXResourcesBuildPhase;
			buildActionMask = 2147483647;
			files = (
				CB7AEE4319BBDB2800482AFC /* InfoPlist.strings in Resources */,
			);
			runOnlyForDeploymentPostprocessing = 0;
		};
/* End PBXResourcesBuildPhase section */

/* Begin PBXSourcesBuildPhase section */
		CB7AEE1819BBDB2800482AFC /* Sources */ = {
			isa = PBXSourcesBuildPhase;
			buildActionMask = 2147483647;
			files = (
				CB7AEE3019BBDB2800482AFC /* AppDelegate.m in Sources */,
				CB7AEE2C19BBDB2800482AFC /* main.m in Sources */,
			);
			runOnlyForDeploymentPostprocessing = 0;
		};
		CB7AEE3319BBDB2800482AFC /* Sources */ = {
			isa = PBXSourcesBuildPhase;
			buildActionMask = 2147483647;
			files = (
				CB7AEE4519BBDB2800482AFC /* gregoryTests.m in Sources */,
			);
			runOnlyForDeploymentPostprocessing = 0;
		};
/* End PBXSourcesBuildPhase section */

/* Begin PBXTargetDependency section */
		CB7AEE3D19BBDB2800482AFC /* PBXTargetDependency */ = {
			isa = PBXTargetDependency;
			target = CB7AEE1B19BBDB2800482AFC /* gregory */;
			targetProxy = CB7AEE3C19BBDB2800482AFC /* PBXContainerItemProxy */;
		};
/* End PBXTargetDependency section */

/* Begin PBXVariantGroup section */
		CB7AEE2819BBDB2800482AFC /* InfoPlist.strings */ = {
			isa = PBXVariantGroup;
			children = (
				CB7AEE2919BBDB2800482AFC /* en */,
			);
			name = InfoPlist.strings;
			sourceTree = "<group>";
		};
		CB7AEE4119BBDB2800482AFC /* InfoPlist.strings */ = {
			isa = PBXVariantGroup;
			children = (
				CB7AEE4219BBDB2800482AFC /* en */,
			);
			name = InfoPlist.strings;
			sourceTree = "<group>";
		};
/* End PBXVariantGroup section */

/* Begin XCBuildConfiguration section */
		CB7AEE4619BBDB2800482AFC /* Debug */ = {
			isa = XCBuildConfiguration;
			buildSettings = {
				ALWAYS_SEARCH_USER_PATHS = NO;
				CLANG_CXX_LANGUAGE_STANDARD = "gnu++0x";
				CLANG_CXX_LIBRARY = "libc++";
				CLANG_ENABLE_MODULES = YES;
				CLANG_ENABLE_OBJC_ARC = YES;
				CLANG_WARN_BOOL_CONVERSION = YES;
				CLANG_WARN_CONSTANT_CONVERSION = YES;
				CLANG_WARN_DIRECT_OBJC_ISA_USAGE = YES_ERROR;
				CLANG_WARN_EMPTY_BODY = YES;
				CLANG_WARN_ENUM_CONVERSION = YES;
				CLANG_WARN_INT_CONVERSION = YES;
				CLANG_WARN_OBJC_ROOT_CLASS = YES_ERROR;
				CLANG_WARN__DUPLICATE_METHOD_MATCH = YES;
				"CODE_SIGN_IDENTITY[sdk=iphoneos*]" = "iPhone Developer";
				COPY_PHASE_STRIP = NO;
				GCC_C_LANGUAGE_STANDARD = gnu99;
				GCC_DYNAMIC_NO_PIC = NO;
				GCC_OPTIMIZATION_LEVEL = 0;
				GCC_PREPROCESSOR_DEFINITIONS = (
					"DEBUG=1",
					"$(inherited)",
				);
				GCC_SYMBOLS_PRIVATE_EXTERN = NO;
				GCC_WARN_64_TO_32_BIT_CONVERSION = YES;
				GCC_WARN_ABOUT_RETURN_TYPE = YES_ERROR;
				GCC_WARN_UNDECLARED_SELECTOR = YES;
				GCC_WARN_UNINITIALIZED_AUTOS = YES_AGGRESSIVE;
				GCC_WARN_UNUSED_FUNCTION = YES;
				GCC_WARN_UNUSED_VARIABLE = YES;
				IPHONEOS_DEPLOYMENT_TARGET = 7.1;
				ONLY_ACTIVE_ARCH = YES;
				SDKROOT = iphoneos;
				TARGETED_DEVICE_FAMILY = 2;
			};
			name = Debug;
		};
		CB7AEE4719BBDB2800482AFC /* Release */ = {
			isa = XCBuildConfiguration;
			buildSettings = {
				ALWAYS_SEARCH_USER_PATHS = NO;
				CLANG_CXX_LANGUAGE_STANDARD = "gnu++0x";
				CLANG_CXX_LIBRARY = "libc++";
				CLANG_ENABLE_MODULES = YES;
				CLANG_ENABLE_OBJC_ARC = YES;
				CLANG_WARN_BOOL_CONVERSION = YES;
				CLANG_WARN_CONSTANT_CONVERSION = YES;
				CLANG_WARN_DIRECT_OBJC_ISA_USAGE = YES_ERROR;
				CLANG_WARN_EMPTY_BODY = YES;
				CLANG_WARN_ENUM_CONVERSION = YES;
				CLANG_WARN_INT_CONVERSION = YES;
				CLANG_WARN_OBJC_ROOT_CLASS = YES_ERROR;
				CLANG_WARN__DUPLICATE_METHOD_MATCH = YES;
				"CODE_SIGN_IDENTITY[sdk=iphoneos*]" = "iPhone Developer";
				COPY_PHASE_STRIP = YES;
				ENABLE_NS_ASSERTIONS = NO;
				GCC_C_LANGUAGE_STANDARD = gnu99;
				GCC_WARN_64_TO_32_BIT_CONVERSION = YES;
				GCC_WARN_ABOUT_RETURN_TYPE = YES_ERROR;
				GCC_WARN_UNDECLARED_SELECTOR = YES;
				GCC_WARN_UNINITIALIZED_AUTOS = YES_AGGRESSIVE;
				GCC_WARN_UNUSED_FUNCTION = YES;
				GCC_WARN_UNUSED_VARIABLE = YES;
				IPHONEOS_DEPLOYMENT_TARGET = 7.1;
				SDKROOT = iphoneos;
				TARGETED_DEVICE_FAMILY = 2;
				VALIDATE_PRODUCT = YES;
			};
			name = Release;
		};
		CB7AEE4919BBDB2800482AFC /* Debug */ = {
			isa = XCBuildConfiguration;
			buildSettings = {
				ASSETCATALOG_COMPILER_APPICON_NAME = AppIcon;
				ASSETCATALOG_COMPILER_LAUNCHIMAGE_NAME = LaunchImage;
				GCC_PRECOMPILE_PREFIX_HEADER = YES;
				GCC_PREFIX_HEADER = "gregory/gregory-Prefix.pch";
				INFOPLIST_FILE = "gregory/gregory-Info.plist";
				PRODUCT_NAME = "$(TARGET_NAME)";
				WRAPPER_EXTENSION = app;
			};
			name = Debug;
		};
		CB7AEE4A19BBDB2800482AFC /* Release */ = {
			isa = XCBuildConfiguration;
			buildSettings = {
				ASSETCATALOG_COMPILER_APPICON_NAME = AppIcon;
				ASSETCATALOG_COMPILER_LAUNCHIMAGE_NAME = LaunchImage;
				GCC_PRECOMPILE_PREFIX_HEADER = YES;
				GCC_PREFIX_HEADER = "gregory/gregory-Prefix.pch";
				INFOPLIST_FILE = "gregory/gregory-Info.plist";
				PRODUCT_NAME = "$(TARGET_NAME)";
				WRAPPER_EXTENSION = app;
			};
			name = Release;
		};
		CB7AEE4C19BBDB2800482AFC /* Debug */ = {
			isa = XCBuildConfiguration;
			buildSettings = {
				BUNDLE_LOADER = "$(BUILT_PRODUCTS_DIR)/gregory.app/gregory";
				FRAMEWORK_SEARCH_PATHS = (
					"$(SDKROOT)/Developer/Library/Frameworks",
					"$(inherited)",
					"$(DEVELOPER_FRAMEWORKS_DIR)",
				);
				GCC_PRECOMPILE_PREFIX_HEADER = YES;
				GCC_PREFIX_HEADER = "gregory/gregory-Prefix.pch";
				GCC_PREPROCESSOR_DEFINITIONS = (
					"DEBUG=1",
					"$(inherited)",
				);
				INFOPLIST_FILE = "gregoryTests/gregoryTests-Info.plist";
				PRODUCT_NAME = "$(TARGET_NAME)";
				TEST_HOST = "$(BUNDLE_LOADER)";
				WRAPPER_EXTENSION = xctest;
			};
			name = Debug;
		};
		CB7AEE4D19BBDB2800482AFC /* Release */ = {
			isa = XCBuildConfiguration;
			buildSettings = {
				BUNDLE_LOADER = "$(BUILT_PRODUCTS_DIR)/gregory.app/gregory";
				FRAMEWORK_SEARCH_PATHS = (
					"$(SDKROOT)/Developer/Library/Frameworks",
					"$(inherited)",
					"$(DEVELOPER_FRAMEWORKS_DIR)",
				);
				GCC_PRECOMPILE_PREFIX_HEADER = YES;
				GCC_PREFIX_HEADER = "gregory/gregory-Prefix.pch";
				INFOPLIST_FILE = "gregoryTests/gregoryTests-Info.plist";
				PRODUCT_NAME = "$(TARGET_NAME)";
				TEST_HOST = "$(BUNDLE_LOADER)";
				WRAPPER_EXTENSION = xctest;
			};
			name = Release;
		};
/* End XCBuildConfiguration section */

/* Begin XCConfigurationList section */
		CB7AEE1719BBDB2800482AFC /* Build configuration list for PBXProject "gregory" */ = {
			isa = XCConfigurationList;
			buildConfigurations = (
				CB7AEE4619BBDB2800482AFC /* Debug */,
				CB7AEE4719BBDB2800482AFC /* Release */,
			);
			defaultConfigurationIsVisible = 0;
			defaultConfigurationName = Release;
		};
		CB7AEE4819BBDB2800482AFC /* Build configuration list for PBXNativeTarget "gregory" */ = {
			isa = XCConfigurationList;
			buildConfigurations = (
				CB7AEE4919BBDB2800482AFC /* Debug */,
				CB7AEE4A19BBDB2800482AFC /* Release */,
			);
			defaultConfigurationIsVisible = 0;
		};
		CB7AEE4B19BBDB2800482AFC /* Build configuration list for PBXNativeTarget "gregoryTests" */ = {
			isa = XCConfigurationList;
			buildConfigurations = (
				CB7AEE4C19BBDB2800482AFC /* Debug */,
				CB7AEE4D19BBDB2800482AFC /* Release */,
			);
			defaultConfigurationIsVisible = 0;
		};
/* End XCConfigurationList section */
	};
	rootObject = CB7AEE1419BBDB2800482AFC /* Project object */;
}
